PODS:
  - Adjust (4.33.3):
    - Adjust/Core (= 4.33.3)
  - Adjust/Core (4.33.3)
  - AppAuth (1.6.2):
    - AppAuth/Core (= 1.6.2)
    - AppAuth/ExternalUserAgent (= 1.6.2)
  - AppAuth/Core (1.6.2)
  - AppAuth/ExternalUserAgent (1.6.2):
    - AppAuth/Core
  - boost (1.76.0)
  - BVLinearGradient (2.7.3):
    - React-Core
  - CocoaAsyncSocket (7.6.5)
  - CryptoSwift (1.5.1)
  - DoubleConversion (1.1.6)
  - FBLazyVector (0.71.12)
  - FBReactNativeSpec (0.71.12):
    - RCT-Folly (= 2021.07.22.00)
    - RCTRequired (= 0.71.12)
    - RCTTypeSafety (= 0.71.12)
    - React-Core (= 0.71.12)
    - React-jsi (= 0.71.12)
    - ReactCommon/turbomodule/core (= 0.71.12)
  - Firebase (10.12.0):
    - Firebase/Core (= 10.12.0)
  - Firebase/Analytics (10.12.0):
    - Firebase/Core
  - Firebase/Core (10.12.0):
    - Firebase/CoreOnly
    - FirebaseAnalytics (~> 10.12.0)
  - Firebase/CoreOnly (10.12.0):
    - FirebaseCore (= 10.12.0)
  - Firebase/DynamicLinks (10.12.0):
    - Firebase/CoreOnly
    - FirebaseDynamicLinks (~> 10.12.0)
  - Firebase/Messaging (10.12.0):
    - Firebase/CoreOnly
    - FirebaseMessaging (~> 10.12.0)
  - FirebaseAnalytics (10.12.0):
    - FirebaseAnalytics/AdIdSupport (= 10.12.0)
    - FirebaseCore (~> 10.0)
    - FirebaseInstallations (~> 10.0)
    - GoogleUtilities/AppDelegateSwizzler (~> 7.11)
    - GoogleUtilities/MethodSwizzler (~> 7.11)
    - GoogleUtilities/Network (~> 7.11)
    - "GoogleUtilities/NSData+zlib (~> 7.11)"
    - nanopb (< 2.30910.0, >= 2.30908.0)
  - FirebaseAnalytics/AdIdSupport (10.12.0):
    - FirebaseCore (~> 10.0)
    - FirebaseInstallations (~> 10.0)
    - GoogleAppMeasurement (= 10.12.0)
    - GoogleUtilities/AppDelegateSwizzler (~> 7.11)
    - GoogleUtilities/MethodSwizzler (~> 7.11)
    - GoogleUtilities/Network (~> 7.11)
    - "GoogleUtilities/NSData+zlib (~> 7.11)"
    - nanopb (< 2.30910.0, >= 2.30908.0)
  - FirebaseCore (10.12.0):
    - FirebaseCoreInternal (~> 10.0)
    - GoogleUtilities/Environment (~> 7.8)
    - GoogleUtilities/Logger (~> 7.8)
  - FirebaseCoreExtension (10.12.0):
    - FirebaseCore (~> 10.0)
  - FirebaseCoreInternal (10.12.0):
    - "GoogleUtilities/NSData+zlib (~> 7.8)"
  - FirebaseDynamicLinks (10.12.0):
    - FirebaseCore (~> 10.0)
  - FirebaseInstallations (10.12.0):
    - FirebaseCore (~> 10.0)
    - GoogleUtilities/Environment (~> 7.8)
    - GoogleUtilities/UserDefaults (~> 7.8)
    - PromisesObjC (~> 2.1)
  - FirebaseMessaging (10.12.0):
    - FirebaseCore (~> 10.0)
    - FirebaseInstallations (~> 10.0)
    - GoogleDataTransport (~> 9.2)
    - GoogleUtilities/AppDelegateSwizzler (~> 7.8)
    - GoogleUtilities/Environment (~> 7.8)
    - GoogleUtilities/Reachability (~> 7.8)
    - GoogleUtilities/UserDefaults (~> 7.8)
    - nanopb (< 2.30910.0, >= 2.30908.0)
  - Flipper (0.125.0):
    - Flipper-Folly (~> 2.6)
    - Flipper-RSocket (~> 1.4)
  - Flipper-Boost-iOSX (1.76.0.1.11)
  - Flipper-DoubleConversion (3.2.0.1)
  - Flipper-Fmt (7.1.7)
  - Flipper-Folly (2.6.10):
    - Flipper-Boost-iOSX
    - Flipper-DoubleConversion
    - Flipper-Fmt (= 7.1.7)
    - Flipper-Glog
    - libevent (~> 2.1.12)
    - OpenSSL-Universal (= 1.1.1100)
  - Flipper-Glog (0.5.0.5)
  - Flipper-PeerTalk (0.0.4)
  - Flipper-RSocket (1.4.3):
    - Flipper-Folly (~> 2.6)
  - FlipperKit (0.125.0):
    - FlipperKit/Core (= 0.125.0)
  - FlipperKit/Core (0.125.0):
    - Flipper (~> 0.125.0)
    - FlipperKit/CppBridge
    - FlipperKit/FBCxxFollyDynamicConvert
    - FlipperKit/FBDefines
    - FlipperKit/FKPortForwarding
    - SocketRocket (~> 0.6.0)
  - FlipperKit/CppBridge (0.125.0):
    - Flipper (~> 0.125.0)
  - FlipperKit/FBCxxFollyDynamicConvert (0.125.0):
    - Flipper-Folly (~> 2.6)
  - FlipperKit/FBDefines (0.125.0)
  - FlipperKit/FKPortForwarding (0.125.0):
    - CocoaAsyncSocket (~> 7.6)
    - Flipper-PeerTalk (~> 0.0.4)
  - FlipperKit/FlipperKitHighlightOverlay (0.125.0)
  - FlipperKit/FlipperKitLayoutHelpers (0.125.0):
    - FlipperKit/Core
    - FlipperKit/FlipperKitHighlightOverlay
    - FlipperKit/FlipperKitLayoutTextSearchable
  - FlipperKit/FlipperKitLayoutIOSDescriptors (0.125.0):
    - FlipperKit/Core
    - FlipperKit/FlipperKitHighlightOverlay
    - FlipperKit/FlipperKitLayoutHelpers
    - YogaKit (~> 1.18)
  - FlipperKit/FlipperKitLayoutPlugin (0.125.0):
    - FlipperKit/Core
    - FlipperKit/FlipperKitHighlightOverlay
    - FlipperKit/FlipperKitLayoutHelpers
    - FlipperKit/FlipperKitLayoutIOSDescriptors
    - FlipperKit/FlipperKitLayoutTextSearchable
    - YogaKit (~> 1.18)
  - FlipperKit/FlipperKitLayoutTextSearchable (0.125.0)
  - FlipperKit/FlipperKitNetworkPlugin (0.125.0):
    - FlipperKit/Core
  - FlipperKit/FlipperKitReactPlugin (0.125.0):
    - FlipperKit/Core
  - FlipperKit/FlipperKitUserDefaultsPlugin (0.125.0):
    - FlipperKit/Core
  - FlipperKit/SKIOSNetworkPlugin (0.125.0):
    - FlipperKit/Core
    - FlipperKit/FlipperKitNetworkPlugin
  - fmt (6.2.1)
  - glog (0.3.5)
  - GoogleAppMeasurement (10.12.0):
    - GoogleAppMeasurement/AdIdSupport (= 10.12.0)
    - GoogleUtilities/AppDelegateSwizzler (~> 7.11)
    - GoogleUtilities/MethodSwizzler (~> 7.11)
    - GoogleUtilities/Network (~> 7.11)
    - "GoogleUtilities/NSData+zlib (~> 7.11)"
    - nanopb (< 2.30910.0, >= 2.30908.0)
  - GoogleAppMeasurement/AdIdSupport (10.12.0):
    - GoogleAppMeasurement/WithoutAdIdSupport (= 10.12.0)
    - GoogleUtilities/AppDelegateSwizzler (~> 7.11)
    - GoogleUtilities/MethodSwizzler (~> 7.11)
    - GoogleUtilities/Network (~> 7.11)
    - "GoogleUtilities/NSData+zlib (~> 7.11)"
    - nanopb (< 2.30910.0, >= 2.30908.0)
  - GoogleAppMeasurement/WithoutAdIdSupport (10.12.0):
    - GoogleUtilities/AppDelegateSwizzler (~> 7.11)
    - GoogleUtilities/MethodSwizzler (~> 7.11)
    - GoogleUtilities/Network (~> 7.11)
    - "GoogleUtilities/NSData+zlib (~> 7.11)"
    - nanopb (< 2.30910.0, >= 2.30908.0)
  - GoogleDataTransport (9.2.3):
    - GoogleUtilities/Environment (~> 7.7)
    - nanopb (< 2.30910.0, >= 2.30908.0)
    - PromisesObjC (< 3.0, >= 1.2)
  - GoogleSignIn (7.0.0):
    - AppAuth (~> 1.5)
    - GTMAppAuth (< 3.0, >= 1.3)
    - GTMSessionFetcher/Core (< 4.0, >= 1.1)
  - GoogleUtilities (7.11.1):
    - GoogleUtilities/AppDelegateSwizzler (= 7.11.1)
    - GoogleUtilities/Environment (= 7.11.1)
    - GoogleUtilities/ISASwizzler (= 7.11.1)
    - GoogleUtilities/Logger (= 7.11.1)
    - GoogleUtilities/MethodSwizzler (= 7.11.1)
    - GoogleUtilities/Network (= 7.11.1)
    - "GoogleUtilities/NSData+zlib (= 7.11.1)"
    - GoogleUtilities/Reachability (= 7.11.1)
    - GoogleUtilities/SwizzlerTestHelpers (= 7.11.1)
    - GoogleUtilities/UserDefaults (= 7.11.1)
  - GoogleUtilities/AppDelegateSwizzler (7.11.1):
    - GoogleUtilities/Environment
    - GoogleUtilities/Logger
    - GoogleUtilities/Network
  - GoogleUtilities/Environment (7.11.1):
    - PromisesObjC (< 3.0, >= 1.2)
  - GoogleUtilities/ISASwizzler (7.11.1)
  - GoogleUtilities/Logger (7.11.1):
    - GoogleUtilities/Environment
  - GoogleUtilities/MethodSwizzler (7.11.1):
    - GoogleUtilities/Logger
  - GoogleUtilities/Network (7.11.1):
    - GoogleUtilities/Logger
    - "GoogleUtilities/NSData+zlib"
    - GoogleUtilities/Reachability
  - "GoogleUtilities/NSData+zlib (7.11.1)"
  - GoogleUtilities/Reachability (7.11.1):
    - GoogleUtilities/Logger
  - GoogleUtilities/SwizzlerTestHelpers (7.11.1):
    - GoogleUtilities/MethodSwizzler
  - GoogleUtilities/UserDefaults (7.11.1):
    - GoogleUtilities/Logger
  - GTMAppAuth (2.0.0):
    - AppAuth/Core (~> 1.6)
    - GTMSessionFetcher/Core (< 4.0, >= 1.5)
  - GTMSessionFetcher/Core (3.1.1)
  - HaqqEncryptionRN (0.0.3):
    - CryptoSwift (= 1.5.1)
    - React-Core
  - HaqqWeb3UtilsRN (0.0.14):
    - CryptoSwift (= 1.5.1)
    - React-Core
    - secp256k1Swift (= 0.7.4)
    - secp256k1Wrapper
  - hermes-engine (0.71.12):
    - hermes-engine/Pre-built (= 0.71.12)
  - hermes-engine/Pre-built (0.71.12)
  - libevent (2.1.12)
  - lottie-ios (3.4.4)
  - lottie-react-native (5.1.6):
    - lottie-ios (~> 3.4.0)
    - React-Core
  - MultiplatformBleAdapter (0.1.9)
  - nanopb (2.30909.0):
    - nanopb/decode (= 2.30909.0)
    - nanopb/encode (= 2.30909.0)
  - nanopb/decode (2.30909.0)
  - nanopb/encode (2.30909.0)
  - OpenSSL-Universal (1.1.1100)
  - PromisesObjC (2.2.0)
  - QrCode (1.0.0):
    - React
  - RCT-Folly (2021.07.22.00):
    - boost
    - DoubleConversion
    - fmt (~> 6.2.1)
    - glog
    - RCT-Folly/Default (= 2021.07.22.00)
  - RCT-Folly/Default (2021.07.22.00):
    - boost
    - DoubleConversion
    - fmt (~> 6.2.1)
    - glog
  - RCT-Folly/Futures (2021.07.22.00):
    - boost
    - DoubleConversion
    - fmt (~> 6.2.1)
    - glog
    - libevent
  - RCTRequired (0.71.12)
  - RCTTypeSafety (0.71.12):
    - FBLazyVector (= 0.71.12)
    - RCTRequired (= 0.71.12)
    - React-Core (= 0.71.12)
  - React (0.71.12):
    - React-Core (= 0.71.12)
    - React-Core/DevSupport (= 0.71.12)
    - React-Core/RCTWebSocket (= 0.71.12)
    - React-RCTActionSheet (= 0.71.12)
    - React-RCTAnimation (= 0.71.12)
    - React-RCTBlob (= 0.71.12)
    - React-RCTImage (= 0.71.12)
    - React-RCTLinking (= 0.71.12)
    - React-RCTNetwork (= 0.71.12)
    - React-RCTSettings (= 0.71.12)
    - React-RCTText (= 0.71.12)
    - React-RCTVibration (= 0.71.12)
  - React-callinvoker (0.71.12)
  - React-Codegen (0.71.12):
    - FBReactNativeSpec
    - hermes-engine
    - RCT-Folly
    - RCTRequired
    - RCTTypeSafety
    - React-Core
    - React-jsi
    - React-jsiexecutor
    - ReactCommon/turbomodule/bridging
    - ReactCommon/turbomodule/core
  - React-Core (0.71.12):
    - glog
    - hermes-engine
    - RCT-Folly (= 2021.07.22.00)
    - React-Core/Default (= 0.71.12)
    - React-cxxreact (= 0.71.12)
    - React-hermes
    - React-jsi (= 0.71.12)
    - React-jsiexecutor (= 0.71.12)
    - React-perflogger (= 0.71.12)
    - Yoga
  - React-Core/CoreModulesHeaders (0.71.12):
    - glog
    - hermes-engine
    - RCT-Folly (= 2021.07.22.00)
    - React-Core/Default
    - React-cxxreact (= 0.71.12)
    - React-hermes
    - React-jsi (= 0.71.12)
    - React-jsiexecutor (= 0.71.12)
    - React-perflogger (= 0.71.12)
    - Yoga
  - React-Core/Default (0.71.12):
    - glog
    - hermes-engine
    - RCT-Folly (= 2021.07.22.00)
    - React-cxxreact (= 0.71.12)
    - React-hermes
    - React-jsi (= 0.71.12)
    - React-jsiexecutor (= 0.71.12)
    - React-perflogger (= 0.71.12)
    - Yoga
  - React-Core/DevSupport (0.71.12):
    - glog
    - hermes-engine
    - RCT-Folly (= 2021.07.22.00)
    - React-Core/Default (= 0.71.12)
    - React-Core/RCTWebSocket (= 0.71.12)
    - React-cxxreact (= 0.71.12)
    - React-hermes
    - React-jsi (= 0.71.12)
    - React-jsiexecutor (= 0.71.12)
    - React-jsinspector (= 0.71.12)
    - React-perflogger (= 0.71.12)
    - Yoga
  - React-Core/RCTActionSheetHeaders (0.71.12):
    - glog
    - hermes-engine
    - RCT-Folly (= 2021.07.22.00)
    - React-Core/Default
    - React-cxxreact (= 0.71.12)
    - React-hermes
    - React-jsi (= 0.71.12)
    - React-jsiexecutor (= 0.71.12)
    - React-perflogger (= 0.71.12)
    - Yoga
  - React-Core/RCTAnimationHeaders (0.71.12):
    - glog
    - hermes-engine
    - RCT-Folly (= 2021.07.22.00)
    - React-Core/Default
    - React-cxxreact (= 0.71.12)
    - React-hermes
    - React-jsi (= 0.71.12)
    - React-jsiexecutor (= 0.71.12)
    - React-perflogger (= 0.71.12)
    - Yoga
  - React-Core/RCTBlobHeaders (0.71.12):
    - glog
    - hermes-engine
    - RCT-Folly (= 2021.07.22.00)
    - React-Core/Default
    - React-cxxreact (= 0.71.12)
    - React-hermes
    - React-jsi (= 0.71.12)
    - React-jsiexecutor (= 0.71.12)
    - React-perflogger (= 0.71.12)
    - Yoga
  - React-Core/RCTImageHeaders (0.71.12):
    - glog
    - hermes-engine
    - RCT-Folly (= 2021.07.22.00)
    - React-Core/Default
    - React-cxxreact (= 0.71.12)
    - React-hermes
    - React-jsi (= 0.71.12)
    - React-jsiexecutor (= 0.71.12)
    - React-perflogger (= 0.71.12)
    - Yoga
  - React-Core/RCTLinkingHeaders (0.71.12):
    - glog
    - hermes-engine
    - RCT-Folly (= 2021.07.22.00)
    - React-Core/Default
    - React-cxxreact (= 0.71.12)
    - React-hermes
    - React-jsi (= 0.71.12)
    - React-jsiexecutor (= 0.71.12)
    - React-perflogger (= 0.71.12)
    - Yoga
  - React-Core/RCTNetworkHeaders (0.71.12):
    - glog
    - hermes-engine
    - RCT-Folly (= 2021.07.22.00)
    - React-Core/Default
    - React-cxxreact (= 0.71.12)
    - React-hermes
    - React-jsi (= 0.71.12)
    - React-jsiexecutor (= 0.71.12)
    - React-perflogger (= 0.71.12)
    - Yoga
  - React-Core/RCTSettingsHeaders (0.71.12):
    - glog
    - hermes-engine
    - RCT-Folly (= 2021.07.22.00)
    - React-Core/Default
    - React-cxxreact (= 0.71.12)
    - React-hermes
    - React-jsi (= 0.71.12)
    - React-jsiexecutor (= 0.71.12)
    - React-perflogger (= 0.71.12)
    - Yoga
  - React-Core/RCTTextHeaders (0.71.12):
    - glog
    - hermes-engine
    - RCT-Folly (= 2021.07.22.00)
    - React-Core/Default
    - React-cxxreact (= 0.71.12)
    - React-hermes
    - React-jsi (= 0.71.12)
    - React-jsiexecutor (= 0.71.12)
    - React-perflogger (= 0.71.12)
    - Yoga
  - React-Core/RCTVibrationHeaders (0.71.12):
    - glog
    - hermes-engine
    - RCT-Folly (= 2021.07.22.00)
    - React-Core/Default
    - React-cxxreact (= 0.71.12)
    - React-hermes
    - React-jsi (= 0.71.12)
    - React-jsiexecutor (= 0.71.12)
    - React-perflogger (= 0.71.12)
    - Yoga
  - React-Core/RCTWebSocket (0.71.12):
    - glog
    - hermes-engine
    - RCT-Folly (= 2021.07.22.00)
    - React-Core/Default (= 0.71.12)
    - React-cxxreact (= 0.71.12)
    - React-hermes
    - React-jsi (= 0.71.12)
    - React-jsiexecutor (= 0.71.12)
    - React-perflogger (= 0.71.12)
    - Yoga
  - React-CoreModules (0.71.12):
    - RCT-Folly (= 2021.07.22.00)
    - RCTTypeSafety (= 0.71.12)
    - React-Codegen (= 0.71.12)
    - React-Core/CoreModulesHeaders (= 0.71.12)
    - React-jsi (= 0.71.12)
    - React-RCTBlob
    - React-RCTImage (= 0.71.12)
    - ReactCommon/turbomodule/core (= 0.71.12)
  - React-cxxreact (0.71.12):
    - boost (= 1.76.0)
    - DoubleConversion
    - glog
    - hermes-engine
    - RCT-Folly (= 2021.07.22.00)
    - React-callinvoker (= 0.71.12)
    - React-jsi (= 0.71.12)
    - React-jsinspector (= 0.71.12)
    - React-logger (= 0.71.12)
    - React-perflogger (= 0.71.12)
    - React-runtimeexecutor (= 0.71.12)
  - React-hermes (0.71.12):
    - DoubleConversion
    - glog
    - hermes-engine
    - RCT-Folly (= 2021.07.22.00)
    - RCT-Folly/Futures (= 2021.07.22.00)
    - React-cxxreact (= 0.71.12)
    - React-jsi
    - React-jsiexecutor (= 0.71.12)
    - React-jsinspector (= 0.71.12)
    - React-perflogger (= 0.71.12)
  - React-jsi (0.71.12):
    - boost (= 1.76.0)
    - DoubleConversion
    - glog
    - hermes-engine
    - RCT-Folly (= 2021.07.22.00)
  - React-jsiexecutor (0.71.12):
    - DoubleConversion
    - glog
    - hermes-engine
    - RCT-Folly (= 2021.07.22.00)
    - React-cxxreact (= 0.71.12)
    - React-jsi (= 0.71.12)
    - React-perflogger (= 0.71.12)
  - React-jsinspector (0.71.12)
  - React-logger (0.71.12):
    - glog
  - react-native-adjust (4.33.0):
    - Adjust (= 4.33.3)
    - React-Core
  - react-native-aes (2.0.0):
    - React-Core
  - react-native-ble-plx (2.0.3):
    - MultiplatformBleAdapter (= 0.1.9)
    - React-Core
  - react-native-blur (4.3.2):
    - React-Core
  - react-native-camera (4.2.1):
    - React-Core
    - react-native-camera/RCT (= 4.2.1)
    - react-native-camera/RN (= 4.2.1)
  - react-native-camera/RCT (4.2.1):
    - React-Core
  - react-native-camera/RN (4.2.1):
    - React-Core
  - react-native-cameraroll (4.1.2):
    - React-Core
  - react-native-detector (0.2.3):
    - React
  - react-native-encrypted-storage (4.0.3):
    - React-Core
  - react-native-get-random-values (1.9.0):
    - React-Core
  - react-native-image-picker (5.6.0):
    - React-Core
  - react-native-in-app-review (4.3.3):
    - React-Core
  - react-native-netinfo (9.4.1):
    - React-Core
  - react-native-randombytes (3.6.1):
    - React-Core
  - react-native-safe-area-context (4.7.1):
    - React-Core
  - react-native-splash-screen (3.3.0):
    - React-Core
  - react-native-webview (11.13.0):
    - React-Core
  - React-perflogger (0.71.12)
  - React-RCTActionSheet (0.71.12):
    - React-Core/RCTActionSheetHeaders (= 0.71.12)
  - React-RCTAnimation (0.71.12):
    - RCT-Folly (= 2021.07.22.00)
    - RCTTypeSafety (= 0.71.12)
    - React-Codegen (= 0.71.12)
    - React-Core/RCTAnimationHeaders (= 0.71.12)
    - React-jsi (= 0.71.12)
    - ReactCommon/turbomodule/core (= 0.71.12)
  - React-RCTAppDelegate (0.71.12):
    - RCT-Folly
    - RCTRequired
    - RCTTypeSafety
    - React-Core
    - ReactCommon/turbomodule/core
  - React-RCTBlob (0.71.12):
    - hermes-engine
    - RCT-Folly (= 2021.07.22.00)
    - React-Codegen (= 0.71.12)
    - React-Core/RCTBlobHeaders (= 0.71.12)
    - React-Core/RCTWebSocket (= 0.71.12)
    - React-jsi (= 0.71.12)
    - React-RCTNetwork (= 0.71.12)
    - ReactCommon/turbomodule/core (= 0.71.12)
  - React-RCTImage (0.71.12):
    - RCT-Folly (= 2021.07.22.00)
    - RCTTypeSafety (= 0.71.12)
    - React-Codegen (= 0.71.12)
    - React-Core/RCTImageHeaders (= 0.71.12)
    - React-jsi (= 0.71.12)
    - React-RCTNetwork (= 0.71.12)
    - ReactCommon/turbomodule/core (= 0.71.12)
  - React-RCTLinking (0.71.12):
    - React-Codegen (= 0.71.12)
    - React-Core/RCTLinkingHeaders (= 0.71.12)
    - React-jsi (= 0.71.12)
    - ReactCommon/turbomodule/core (= 0.71.12)
  - React-RCTNetwork (0.71.12):
    - RCT-Folly (= 2021.07.22.00)
    - RCTTypeSafety (= 0.71.12)
    - React-Codegen (= 0.71.12)
    - React-Core/RCTNetworkHeaders (= 0.71.12)
    - React-jsi (= 0.71.12)
    - ReactCommon/turbomodule/core (= 0.71.12)
  - React-RCTSettings (0.71.12):
    - RCT-Folly (= 2021.07.22.00)
    - RCTTypeSafety (= 0.71.12)
    - React-Codegen (= 0.71.12)
    - React-Core/RCTSettingsHeaders (= 0.71.12)
    - React-jsi (= 0.71.12)
    - ReactCommon/turbomodule/core (= 0.71.12)
  - React-RCTText (0.71.12):
    - React-Core/RCTTextHeaders (= 0.71.12)
  - React-RCTVibration (0.71.12):
    - RCT-Folly (= 2021.07.22.00)
    - React-Codegen (= 0.71.12)
    - React-Core/RCTVibrationHeaders (= 0.71.12)
    - React-jsi (= 0.71.12)
    - ReactCommon/turbomodule/core (= 0.71.12)
  - React-runtimeexecutor (0.71.12):
    - React-jsi (= 0.71.12)
  - ReactCommon/turbomodule/bridging (0.71.12):
    - DoubleConversion
    - glog
    - hermes-engine
    - RCT-Folly (= 2021.07.22.00)
    - React-callinvoker (= 0.71.12)
    - React-Core (= 0.71.12)
    - React-cxxreact (= 0.71.12)
    - React-jsi (= 0.71.12)
    - React-logger (= 0.71.12)
    - React-perflogger (= 0.71.12)
  - ReactCommon/turbomodule/core (0.71.12):
    - DoubleConversion
    - glog
    - hermes-engine
    - RCT-Folly (= 2021.07.22.00)
    - React-callinvoker (= 0.71.12)
    - React-Core (= 0.71.12)
    - React-cxxreact (= 0.71.12)
    - React-jsi (= 0.71.12)
    - React-logger (= 0.71.12)
    - React-perflogger (= 0.71.12)
  - RealmJS (11.10.1):
    - React
  - rive-react-native (4.1.2):
    - React-Core
    - RiveRuntime (= 4.0.4)
  - RiveRuntime (4.0.4)
  - RNAppleAuthentication (2.2.2):
    - React-Core
  - RNCAsyncStorage (1.19.0):
    - React-Core
  - RNCClipboard (1.11.2):
    - React-Core
  - RNFBAnalytics (18.2.0):
    - Firebase/Analytics (= 10.12.0)
    - React-Core
    - RNFBApp
  - RNFBApp (18.2.0):
    - Firebase/CoreOnly (= 10.12.0)
    - React-Core
  - RNFBDynamicLinks (18.2.0):
    - Firebase/DynamicLinks (= 10.12.0)
    - GoogleUtilities/AppDelegateSwizzler
    - React-Core
    - RNFBApp
  - RNFBMessaging (18.2.0):
    - Firebase/Messaging (= 10.12.0)
    - FirebaseCoreExtension (= 10.12.0)
    - React-Core
    - RNFBApp
  - RNFS (2.20.0):
    - React-Core
  - RNGestureHandler (2.12.0):
    - React-Core
  - RNGoogleSignin (10.0.1):
    - GoogleSignIn (~> 7.0)
    - React-Core
  - RNKeychain (8.1.1):
    - React-Core
  - RNOS (1.2.7):
    - React
  - RNReanimated (3.3.0):
    - DoubleConversion
    - FBLazyVector
    - FBReactNativeSpec
    - glog
    - hermes-engine
    - RCT-Folly
    - RCTRequired
    - RCTTypeSafety
    - React-callinvoker
    - React-Core
    - React-Core/DevSupport
    - React-Core/RCTWebSocket
    - React-CoreModules
    - React-cxxreact
    - React-hermes
    - React-jsi
    - React-jsiexecutor
    - React-jsinspector
    - React-RCTActionSheet
    - React-RCTAnimation
    - React-RCTBlob
    - React-RCTImage
    - React-RCTLinking
    - React-RCTNetwork
    - React-RCTSettings
    - React-RCTText
    - ReactCommon/turbomodule/core
    - Yoga
  - RNScreens (3.22.1):
    - React-Core
    - React-RCTImage
  - RNSentry (5.7.1):
    - React-Core
    - Sentry/HybridSDK (= 8.8.0)
  - RNSVG (13.10.0):
    - React-Core
  - secp256k1.swift (0.1.4)
  - secp256k1Swift (0.7.4):
    - secp256k1Wrapper (~> 0.0.5)
  - secp256k1Wrapper (0.0.5)
  - Sentry/HybridSDK (8.8.0):
    - SentryPrivate (= 8.8.0)
  - SentryPrivate (8.8.0)
  - SocketRocket (0.6.1)
  - ToastViewSwift (1.3.2)
  - TouchID (4.4.1):
    - React
  - Yoga (1.14.0)
  - YogaKit (1.18.1):
    - Yoga (~> 1.14)

DEPENDENCIES:
  - boost (from `../node_modules/react-native/third-party-podspecs/boost.podspec`)
  - BVLinearGradient (from `../node_modules/react-native-linear-gradient`)
  - DoubleConversion (from `../node_modules/react-native/third-party-podspecs/DoubleConversion.podspec`)
  - FBLazyVector (from `../node_modules/react-native/Libraries/FBLazyVector`)
  - FBReactNativeSpec (from `../node_modules/react-native/React/FBReactNativeSpec`)
  - Firebase
  - FirebaseCore
  - Flipper (= 0.125.0)
  - Flipper-Boost-iOSX (= 1.76.0.1.11)
  - Flipper-DoubleConversion (= 3.2.0.1)
  - Flipper-Fmt (= 7.1.7)
  - Flipper-Folly (= 2.6.10)
  - Flipper-Glog (= 0.5.0.5)
  - Flipper-PeerTalk (= 0.0.4)
  - Flipper-RSocket (= 1.4.3)
  - FlipperKit (= 0.125.0)
  - FlipperKit/Core (= 0.125.0)
  - FlipperKit/CppBridge (= 0.125.0)
  - FlipperKit/FBCxxFollyDynamicConvert (= 0.125.0)
  - FlipperKit/FBDefines (= 0.125.0)
  - FlipperKit/FKPortForwarding (= 0.125.0)
  - FlipperKit/FlipperKitHighlightOverlay (= 0.125.0)
  - FlipperKit/FlipperKitLayoutPlugin (= 0.125.0)
  - FlipperKit/FlipperKitLayoutTextSearchable (= 0.125.0)
  - FlipperKit/FlipperKitNetworkPlugin (= 0.125.0)
  - FlipperKit/FlipperKitReactPlugin (= 0.125.0)
  - FlipperKit/FlipperKitUserDefaultsPlugin (= 0.125.0)
  - FlipperKit/SKIOSNetworkPlugin (= 0.125.0)
  - glog (from `../node_modules/react-native/third-party-podspecs/glog.podspec`)
  - GoogleUtilities
  - "HaqqEncryptionRN (from `../node_modules/@haqq/encryption-react-native`)"
  - "HaqqWeb3UtilsRN (from `../node_modules/@haqq/provider-web3-utils`)"
  - hermes-engine (from `../node_modules/react-native/sdks/hermes-engine/hermes-engine.podspec`)
  - libevent (~> 2.1.12)
  - lottie-react-native (from `../node_modules/lottie-react-native`)
  - OpenSSL-Universal (= 1.1.1100)
  - QrCode (from `../node_modules/react-native-qr-decode-image-camera`)
  - RCT-Folly (from `../node_modules/react-native/third-party-podspecs/RCT-Folly.podspec`)
  - RCTRequired (from `../node_modules/react-native/Libraries/RCTRequired`)
  - RCTTypeSafety (from `../node_modules/react-native/Libraries/TypeSafety`)
  - React (from `../node_modules/react-native/`)
  - React-callinvoker (from `../node_modules/react-native/ReactCommon/callinvoker`)
  - React-Codegen (from `build/generated/ios`)
  - React-Core (from `../node_modules/react-native/`)
  - React-Core/DevSupport (from `../node_modules/react-native/`)
  - React-Core/RCTWebSocket (from `../node_modules/react-native/`)
  - React-CoreModules (from `../node_modules/react-native/React/CoreModules`)
  - React-cxxreact (from `../node_modules/react-native/ReactCommon/cxxreact`)
  - React-hermes (from `../node_modules/react-native/ReactCommon/hermes`)
  - React-jsi (from `../node_modules/react-native/ReactCommon/jsi`)
  - React-jsiexecutor (from `../node_modules/react-native/ReactCommon/jsiexecutor`)
  - React-jsinspector (from `../node_modules/react-native/ReactCommon/jsinspector`)
  - React-logger (from `../node_modules/react-native/ReactCommon/logger`)
  - react-native-adjust (from `../node_modules/react-native-adjust`)
  - react-native-aes (from `../node_modules/react-native-aes-crypto`)
  - react-native-ble-plx (from `../node_modules/react-native-ble-plx`)
  - "react-native-blur (from `../node_modules/@react-native-community/blur`)"
  - react-native-camera (from `../node_modules/react-native-camera`)
  - "react-native-cameraroll (from `../node_modules/@react-native-community/cameraroll`)"
  - react-native-detector (from `../node_modules/react-native-detector`)
  - react-native-encrypted-storage (from `../node_modules/react-native-encrypted-storage`)
  - react-native-get-random-values (from `../node_modules/react-native-get-random-values`)
  - react-native-image-picker (from `../node_modules/react-native-image-picker`)
  - react-native-in-app-review (from `../node_modules/react-native-in-app-review`)
  - "react-native-netinfo (from `../node_modules/@react-native-community/netinfo`)"
  - react-native-randombytes (from `../node_modules/react-native-randombytes`)
  - react-native-safe-area-context (from `../node_modules/react-native-safe-area-context`)
  - react-native-splash-screen (from `../node_modules/react-native-splash-screen`)
  - react-native-webview (from `../node_modules/react-native-webview`)
  - React-perflogger (from `../node_modules/react-native/ReactCommon/reactperflogger`)
  - React-RCTActionSheet (from `../node_modules/react-native/Libraries/ActionSheetIOS`)
  - React-RCTAnimation (from `../node_modules/react-native/Libraries/NativeAnimation`)
  - React-RCTAppDelegate (from `../node_modules/react-native/Libraries/AppDelegate`)
  - React-RCTBlob (from `../node_modules/react-native/Libraries/Blob`)
  - React-RCTImage (from `../node_modules/react-native/Libraries/Image`)
  - React-RCTLinking (from `../node_modules/react-native/Libraries/LinkingIOS`)
  - React-RCTNetwork (from `../node_modules/react-native/Libraries/Network`)
  - React-RCTSettings (from `../node_modules/react-native/Libraries/Settings`)
  - React-RCTText (from `../node_modules/react-native/Libraries/Text`)
  - React-RCTVibration (from `../node_modules/react-native/Libraries/Vibration`)
  - React-runtimeexecutor (from `../node_modules/react-native/ReactCommon/runtimeexecutor`)
  - ReactCommon/turbomodule/core (from `../node_modules/react-native/ReactCommon`)
  - RealmJS (from `../node_modules/realm`)
  - rive-react-native (from `../node_modules/rive-react-native`)
  - "RNAppleAuthentication (from `../node_modules/@invertase/react-native-apple-authentication`)"
  - "RNCAsyncStorage (from `../node_modules/@react-native-async-storage/async-storage`)"
  - "RNCClipboard (from `../node_modules/@react-native-clipboard/clipboard`)"
  - "RNFBAnalytics (from `../node_modules/@react-native-firebase/analytics`)"
  - "RNFBApp (from `../node_modules/@react-native-firebase/app`)"
  - "RNFBDynamicLinks (from `../node_modules/@react-native-firebase/dynamic-links`)"
  - "RNFBMessaging (from `../node_modules/@react-native-firebase/messaging`)"
  - RNFS (from `../node_modules/react-native-fs`)
  - RNGestureHandler (from `../node_modules/react-native-gesture-handler`)
  - "RNGoogleSignin (from `../node_modules/@react-native-google-signin/google-signin`)"
  - RNKeychain (from `../node_modules/react-native-keychain`)
  - RNOS (from `../node_modules/react-native-os`)
  - RNReanimated (from `../node_modules/react-native-reanimated`)
  - RNScreens (from `../node_modules/react-native-screens`)
  - "RNSentry (from `../node_modules/@sentry/react-native`)"
  - RNSVG (from `../node_modules/react-native-svg`)
  - secp256k1.swift
  - secp256k1Wrapper
  - ToastViewSwift
  - TouchID (from `../node_modules/react-native-touch-id`)
  - Yoga (from `../node_modules/react-native/ReactCommon/yoga`)

SPEC REPOS:
  trunk:
    - Adjust
    - AppAuth
    - CocoaAsyncSocket
    - CryptoSwift
    - Firebase
    - FirebaseAnalytics
    - FirebaseCore
    - FirebaseCoreExtension
    - FirebaseCoreInternal
    - FirebaseDynamicLinks
    - FirebaseInstallations
    - FirebaseMessaging
    - Flipper
    - Flipper-Boost-iOSX
    - Flipper-DoubleConversion
    - Flipper-Fmt
    - Flipper-Folly
    - Flipper-Glog
    - Flipper-PeerTalk
    - Flipper-RSocket
    - FlipperKit
    - fmt
    - GoogleAppMeasurement
    - GoogleDataTransport
    - GoogleSignIn
    - GoogleUtilities
    - GTMAppAuth
    - GTMSessionFetcher
    - libevent
    - lottie-ios
    - MultiplatformBleAdapter
    - nanopb
    - OpenSSL-Universal
    - PromisesObjC
    - RiveRuntime
    - secp256k1.swift
    - secp256k1Swift
    - secp256k1Wrapper
    - Sentry
    - SentryPrivate
    - SocketRocket
    - ToastViewSwift
    - YogaKit

EXTERNAL SOURCES:
  boost:
    :podspec: "../node_modules/react-native/third-party-podspecs/boost.podspec"
  BVLinearGradient:
    :path: "../node_modules/react-native-linear-gradient"
  DoubleConversion:
    :podspec: "../node_modules/react-native/third-party-podspecs/DoubleConversion.podspec"
  FBLazyVector:
    :path: "../node_modules/react-native/Libraries/FBLazyVector"
  FBReactNativeSpec:
    :path: "../node_modules/react-native/React/FBReactNativeSpec"
  glog:
    :podspec: "../node_modules/react-native/third-party-podspecs/glog.podspec"
  HaqqEncryptionRN:
    :path: "../node_modules/@haqq/encryption-react-native"
  HaqqWeb3UtilsRN:
    :path: "../node_modules/@haqq/provider-web3-utils"
  hermes-engine:
    :podspec: "../node_modules/react-native/sdks/hermes-engine/hermes-engine.podspec"
  lottie-react-native:
    :path: "../node_modules/lottie-react-native"
  QrCode:
    :path: "../node_modules/react-native-qr-decode-image-camera"
  RCT-Folly:
    :podspec: "../node_modules/react-native/third-party-podspecs/RCT-Folly.podspec"
  RCTRequired:
    :path: "../node_modules/react-native/Libraries/RCTRequired"
  RCTTypeSafety:
    :path: "../node_modules/react-native/Libraries/TypeSafety"
  React:
    :path: "../node_modules/react-native/"
  React-callinvoker:
    :path: "../node_modules/react-native/ReactCommon/callinvoker"
  React-Codegen:
    :path: build/generated/ios
  React-Core:
    :path: "../node_modules/react-native/"
  React-CoreModules:
    :path: "../node_modules/react-native/React/CoreModules"
  React-cxxreact:
    :path: "../node_modules/react-native/ReactCommon/cxxreact"
  React-hermes:
    :path: "../node_modules/react-native/ReactCommon/hermes"
  React-jsi:
    :path: "../node_modules/react-native/ReactCommon/jsi"
  React-jsiexecutor:
    :path: "../node_modules/react-native/ReactCommon/jsiexecutor"
  React-jsinspector:
    :path: "../node_modules/react-native/ReactCommon/jsinspector"
  React-logger:
    :path: "../node_modules/react-native/ReactCommon/logger"
  react-native-adjust:
    :path: "../node_modules/react-native-adjust"
  react-native-aes:
    :path: "../node_modules/react-native-aes-crypto"
  react-native-ble-plx:
    :path: "../node_modules/react-native-ble-plx"
  react-native-blur:
    :path: "../node_modules/@react-native-community/blur"
  react-native-camera:
    :path: "../node_modules/react-native-camera"
  react-native-cameraroll:
    :path: "../node_modules/@react-native-community/cameraroll"
  react-native-detector:
    :path: "../node_modules/react-native-detector"
  react-native-encrypted-storage:
    :path: "../node_modules/react-native-encrypted-storage"
  react-native-get-random-values:
    :path: "../node_modules/react-native-get-random-values"
  react-native-image-picker:
    :path: "../node_modules/react-native-image-picker"
  react-native-in-app-review:
    :path: "../node_modules/react-native-in-app-review"
  react-native-netinfo:
    :path: "../node_modules/@react-native-community/netinfo"
  react-native-randombytes:
    :path: "../node_modules/react-native-randombytes"
  react-native-safe-area-context:
    :path: "../node_modules/react-native-safe-area-context"
  react-native-splash-screen:
    :path: "../node_modules/react-native-splash-screen"
  react-native-webview:
    :path: "../node_modules/react-native-webview"
  React-perflogger:
    :path: "../node_modules/react-native/ReactCommon/reactperflogger"
  React-RCTActionSheet:
    :path: "../node_modules/react-native/Libraries/ActionSheetIOS"
  React-RCTAnimation:
    :path: "../node_modules/react-native/Libraries/NativeAnimation"
  React-RCTAppDelegate:
    :path: "../node_modules/react-native/Libraries/AppDelegate"
  React-RCTBlob:
    :path: "../node_modules/react-native/Libraries/Blob"
  React-RCTImage:
    :path: "../node_modules/react-native/Libraries/Image"
  React-RCTLinking:
    :path: "../node_modules/react-native/Libraries/LinkingIOS"
  React-RCTNetwork:
    :path: "../node_modules/react-native/Libraries/Network"
  React-RCTSettings:
    :path: "../node_modules/react-native/Libraries/Settings"
  React-RCTText:
    :path: "../node_modules/react-native/Libraries/Text"
  React-RCTVibration:
    :path: "../node_modules/react-native/Libraries/Vibration"
  React-runtimeexecutor:
    :path: "../node_modules/react-native/ReactCommon/runtimeexecutor"
  ReactCommon:
    :path: "../node_modules/react-native/ReactCommon"
  RealmJS:
    :path: "../node_modules/realm"
  rive-react-native:
    :path: "../node_modules/rive-react-native"
  RNAppleAuthentication:
    :path: "../node_modules/@invertase/react-native-apple-authentication"
  RNCAsyncStorage:
    :path: "../node_modules/@react-native-async-storage/async-storage"
  RNCClipboard:
    :path: "../node_modules/@react-native-clipboard/clipboard"
  RNFBAnalytics:
    :path: "../node_modules/@react-native-firebase/analytics"
  RNFBApp:
    :path: "../node_modules/@react-native-firebase/app"
  RNFBDynamicLinks:
    :path: "../node_modules/@react-native-firebase/dynamic-links"
  RNFBMessaging:
    :path: "../node_modules/@react-native-firebase/messaging"
  RNFS:
    :path: "../node_modules/react-native-fs"
  RNGestureHandler:
    :path: "../node_modules/react-native-gesture-handler"
  RNGoogleSignin:
    :path: "../node_modules/@react-native-google-signin/google-signin"
  RNKeychain:
    :path: "../node_modules/react-native-keychain"
  RNOS:
    :path: "../node_modules/react-native-os"
  RNReanimated:
    :path: "../node_modules/react-native-reanimated"
  RNScreens:
    :path: "../node_modules/react-native-screens"
  RNSentry:
    :path: "../node_modules/@sentry/react-native"
  RNSVG:
    :path: "../node_modules/react-native-svg"
  TouchID:
    :path: "../node_modules/react-native-touch-id"
  Yoga:
    :path: "../node_modules/react-native/ReactCommon/yoga"

SPEC CHECKSUMS:
  Adjust: 41d0d5c031409aebe7fb1f5703ff0d3306133439
  AppAuth: 3bb1d1cd9340bd09f5ed189fb00b1cc28e1e8570
  boost: 57d2868c099736d80fcd648bf211b4431e51a558
  BVLinearGradient: fbe308a1d19a8133f69e033abc85d8008644f5e3
  CocoaAsyncSocket: 065fd1e645c7abab64f7a6a2007a48038fdc6a99
  CryptoSwift: c4f2debceb38bf44c80659afe009f71e23e4a082
  DoubleConversion: 5189b271737e1565bdce30deb4a08d647e3f5f54
  FBLazyVector: 4eb7ee83e8d0ad7e20a829485295ff48823c4e4c
  FBReactNativeSpec: b24809f97ae83c786928d56b732957195b4fa390
  Firebase: 07150e75d142fb9399f6777fa56a187b17f833a0
  FirebaseAnalytics: 0270389efbe3022b54ec4588862dabec3477ee98
  FirebaseCore: f86a1394906b97ac445ae49c92552a9425831bed
  FirebaseCoreExtension: 0ce5ac36042001cfa233ce7bfa28e5c313cf80f4
  FirebaseCoreInternal: 950500ad8a08963657f6d8c67b579740c06d6aa1
  FirebaseDynamicLinks: 1a387da899779e5ef34f4d6f8bdba882f90d0e67
  FirebaseInstallations: 7b99ef103f013624444c614397038219c45f8e63
  FirebaseMessaging: bb2c4f6422a753038fe137d90ae7c1af57251316
  Flipper: 26fc4b7382499f1281eb8cb921e5c3ad6de91fe0
  Flipper-Boost-iOSX: fd1e2b8cbef7e662a122412d7ac5f5bea715403c
  Flipper-DoubleConversion: 2dc99b02f658daf147069aad9dbd29d8feb06d30
  Flipper-Fmt: 60cbdd92fc254826e61d669a5d87ef7015396a9b
  Flipper-Folly: 584845625005ff068a6ebf41f857f468decd26b3
  Flipper-Glog: 70c50ce58ddaf67dc35180db05f191692570f446
  Flipper-PeerTalk: 116d8f857dc6ef55c7a5a75ea3ceaafe878aadc9
  Flipper-RSocket: d9d9ade67cbecf6ac10730304bf5607266dd2541
  FlipperKit: cbdee19bdd4e7f05472a66ce290f1b729ba3cb86
  fmt: ff9d55029c625d3757ed641535fd4a75fedc7ce9
  glog: 04b94705f318337d7ead9e6d17c019bd9b1f6b1b
  GoogleAppMeasurement: 2d800fab85e7848b1e66a6f8ce5bca06c5aad892
  GoogleDataTransport: f0308f5905a745f94fb91fea9c6cbaf3831cb1bd
  GoogleSignIn: b232380cf495a429b8095d3178a8d5855b42e842
  GoogleUtilities: 9aa0ad5a7bc171f8bae016300bfcfa3fb8425749
  GTMAppAuth: 99fb010047ba3973b7026e45393f51f27ab965ae
  GTMSessionFetcher: e8647203b65cee28c5f73d0f473d096653945e72
  HaqqEncryptionRN: 704c5172541f5956fbd18ed64367a59c8b767ebf
  HaqqWeb3UtilsRN: 11382dee42720f20dfa8790752e2d8eb5ebe3cff
  hermes-engine: b60ebc812e0179a612d8146ac54730d533c804a2
  libevent: 4049cae6c81cdb3654a443be001fb9bdceff7913
  lottie-ios: 8f97d3271e155c2d688875c29cd3c74908aef5f8
  lottie-react-native: 8f9d4be452e23f6e5ca0fdc11669dc99ab52be81
  MultiplatformBleAdapter: 5a6a897b006764392f9cef785e4360f54fb9477d
  nanopb: b552cce312b6c8484180ef47159bc0f65a1f0431
  OpenSSL-Universal: ebc357f1e6bc71fa463ccb2fe676756aff50e88c
  PromisesObjC: 09985d6d70fbe7878040aa746d78236e6946d2ef
  QrCode: 703276888a8e1e5a77606392f82ce758d895a450
  RCT-Folly: 424b8c9a7a0b9ab2886ffe9c3b041ef628fd4fb1
  RCTRequired: 4db5e3e18b906377a502da5b358ff159ba4783ed
  RCTTypeSafety: 6c1a8aed043050de0d537336c95cd1be7b66c272
  React: 214e77358d860a3ed707fede9088e7c00663a087
  React-callinvoker: 8fc1c79c26fbcadce2a5d4a3cb4b2ced2dec3436
  React-Codegen: 1517e1a59c594e6b5661d3d054209e838baa4fa7
  React-Core: ea541085ca5be10b2be289c7d82eba368b5c4900
  React-CoreModules: d9680e1d551eef1dd764df736a473cf25f701070
  React-cxxreact: 0792e80e291d086b2cf588410f6bc6e752bc1d83
  React-hermes: 0b1bba58112cb7421f1166d527a1a05489f48dbc
  React-jsi: 1e41088515c4273ef5b118575337df4671851430
  React-jsiexecutor: 509cd947c28834614808ce056ee8eb700a0662aa
  React-jsinspector: ec4dcbfb1f4e72f04f826a0301eceee5fa7ca540
  React-logger: 35538accacf2583693fbc3ee8b53e69a1776fcee
  react-native-adjust: 5f5966b51459bf8cb074bf8ebc1307a2bfb7b1da
  react-native-aes: c75c46aa744bef7c2415fdf7f5b2dcb75ca4364d
  react-native-ble-plx: f10240444452dfb2d2a13a0e4f58d7783e92d76e
  react-native-blur: cfdad7b3c01d725ab62a8a729f42ea463998afa2
  react-native-camera: 3eae183c1d111103963f3dd913b65d01aef8110f
  react-native-cameraroll: 2957f2bce63ae896a848fbe0d5352c1bd4d20866
  react-native-detector: 751696a5534f6bbc11be87515cca3d8d32593d73
  react-native-encrypted-storage: db300a3f2f0aba1e818417c1c0a6be549038deb7
  react-native-get-random-values: dee677497c6a740b71e5612e8dbd83e7539ed5bb
  react-native-image-picker: db60857e03d63721f19b6f4027de20429ddd9cba
  react-native-in-app-review: db8bb167a5f238e7ceca5c242d6b36ce8c4404a4
  react-native-netinfo: fefd4e98d75cbdd6e85fc530f7111a8afdf2b0c5
  react-native-randombytes: 421f1c7d48c0af8dbcd471b0324393ebf8fe7846
  react-native-safe-area-context: 9697629f7b2cda43cf52169bb7e0767d330648c2
  react-native-splash-screen: 4312f786b13a81b5169ef346d76d33bc0c6dc457
  react-native-webview: 133a6a5149f963259646e710b4545c67ef35d7c9
  React-perflogger: 75b0e25075c67565a830985f3c373e2eae5389e0
  React-RCTActionSheet: a0c3e916b327e297d124d9ebe8b0c721840ee04d
  React-RCTAnimation: 3da7025801d7bf0f8cfd94574d6278d5b82a8b88
  React-RCTAppDelegate: f74a567e0bc905aaff66d47ab30e6548f727549c
  React-RCTBlob: 53252ebabe7777fd1c440a34546c64e16b162908
  React-RCTImage: e230761bd34d71362dd8b3d51b5cd72674935aa0
  React-RCTLinking: 3294b1b540005628168e5a341963b0eddc3932e8
  React-RCTNetwork: 00c6b2215e54a9fb015c53a5e02b0a852dbb8568
  React-RCTSettings: 2e7e4964f45e9b24c6c32ad30b6ab2ef4a7e2ffc
  React-RCTText: a9c712b13cab90e1432e0ad113edc8bdbc691248
  React-RCTVibration: a283fefb8cc29d9740a7ff2e87f72ad10f25a433
  React-runtimeexecutor: 7902246857a4ead4166869e6c42d4df329ff721d
  ReactCommon: a6d1c76b9e10b439e41db225263341240e1cda9f
  RealmJS: 8deebf00c84f499c654bc585583c54f55b586751
  rive-react-native: ac42cbef913861b914893e3ba5e2cbf489384849
  RiveRuntime: 76eab58e930afd03dae3edac3ed8ab4f31df7347
  RNAppleAuthentication: 0571c08da8c327ae2afc0261b48b4a515b0286a6
  RNCAsyncStorage: 4b98ac3c64efa4e35c1197cb0c5ca5e9f5d4c666
  RNCClipboard: 3f0451a8100393908bea5c5c5b16f96d45f30bfc
  RNFBAnalytics: 767ad4566e94ce77c0b1bed9a7a02abda146423b
  RNFBApp: 9a54c7fd5a1c33684a862b51b9c00914a358061c
  RNFBDynamicLinks: 5d86ceeb9ff22f9bd093b15316fd553082d69be4
  RNFBMessaging: 5fa69e7c4f9641fc222327208d90d3b56e907f58
  RNFS: 4ac0f0ea233904cb798630b3c077808c06931688
  RNGestureHandler: dec4645026e7401a0899f2846d864403478ff6a5
  RNGoogleSignin: ccaa4a81582cf713eea562c5dd9dc1961a715fd0
  RNKeychain: ff836453cba46938e0e9e4c22e43d43fa2c90333
  RNOS: bba50dcae32026943877b163e93d4e1e0eca48eb
  RNReanimated: 9976fbaaeb8a188c36026154c844bf374b3b7eeb
  RNScreens: 50ffe2fa2342eabb2d0afbe19f7c1af286bc7fb3
  RNSentry: 4e4fc87b53002c015f644cb7207d4b598bc3703f
  RNSVG: 80584470ff1ffc7994923ea135a3e5ad825546b9
  secp256k1.swift: a7e7a214f6db6ce5db32cc6b2b45e5c4dd633634
  secp256k1Swift: ea49d2b06724444a03cf7938a2d3fc7acc4c0f08
  secp256k1Wrapper: 0378417cd06d51187bbc9e178ec318e7902e2120
  Sentry: 927dfb29d18a14d924229a59cc2ad149f43349f2
  SentryPrivate: 4350d865f898224ab9fa02b37d6ee7fbb623f47e
  SocketRocket: f32cd54efbe0f095c4d7594881e52619cfe80b17
  ToastViewSwift: dee6680343e0e3bd978000da9af1c14917d437c4
  TouchID: ba4c656d849cceabc2e4eef722dea5e55959ecf4
  Yoga: 39310a10944fc864a7550700de349183450f8aaa
  YogaKit: f782866e155069a2cca2517aafea43200b01fd5a

PODFILE CHECKSUM: 4f91b53d97190063bfc6cdf79aeae3e641405466

COCOAPODS: 1.12.1
